
Microsoft Visual Studio Solution File, Format Version 12.00
# Visual Studio Version 16
VisualStudioVersion = 16.0.29009.5
MinimumVisualStudioVersion = 10.0.40219.1
Project("{FAE04EC0-301F-11D3-BF4B-00C04F79EFBC}") = "Week 1", "Week 1\Week 1.csproj", "{FA416429-DC08-4131-A8F2-1D1EFD7FCA89}"
EndProject
Global
	GlobalSection(SolutionConfigurationPlatforms) = preSolution
		Debug|Any CPU = Debug|Any CPU
		Release|Any CPU = Release|Any CPU
	EndGlobalSection
	GlobalSection(ProjectConfigurationPlatforms) = postSolution
		{FA416429-DC08-4131-A8F2-1D1EFD7FCA89}.Debug|Any CPU.ActiveCfg = Debug|Any CPU
		{FA416429-DC08-4131-A8F2-1D1EFD7FCA89}.Debug|Any CPU.Build.0 = Debug|Any CPU
		{FA416429-DC08-4131-A8F2-1D1EFD7FCA89}.Release|Any CPU.ActiveCfg = Release|Any CPU
		{FA416429-DC08-4131-A8F2-1D1EFD7FCA89}.Release|Any CPU.Build.0 = Release|Any CPU
	EndGlobalSection
	GlobalSection(SolutionProperties) = preSolution
		HideSolutionNode = FALSE
	EndGlobalSection
	GlobalSection(ExtensibilityGlobals) = postSolution
		SolutionGuid = {C3FCA2C2-2F7B-4462-9C4F-D7E1A96F33F7}
	EndGlobalSection
EndGlobal
